
Microsoft Visual Studio Solution File, Format Version 12.00
# Visual Studio Version 16
VisualStudioVersion = 16.0.33920.266
MinimumVisualStudioVersion = 10.0.40219.1
Project("{FAE04EC0-301F-11D3-BF4B-00C04F79EFBC}") = "EquipmentDowntime", "EquipmentDowntime\EquipmentDowntime.csproj", "{ED2CB643-0619-4B96-8E5F-0AABCEA65C8F}"
EndProject
Global
	GlobalSection(SolutionConfigurationPlatforms) = preSolution
		Debug|Any CPU = Debug|Any CPU
		Release|Any CPU = Release|Any CPU
	EndGlobalSection
	GlobalSection(ProjectConfigurationPlatforms) = postSolution
		{ED2CB643-0619-4B96-8E5F-0AABCEA65C8F}.Debug|Any CPU.ActiveCfg = Debug|Any CPU
		{ED2CB643-0619-4B96-8E5F-0AABCEA65C8F}.Debug|Any CPU.Build.0 = Debug|Any CPU
		{ED2CB643-0619-4B96-8E5F-0AABCEA65C8F}.Release|Any CPU.ActiveCfg = Release|Any CPU
		{ED2CB643-0619-4B96-8E5F-0AABCEA65C8F}.Release|Any CPU.Build.0 = Release|Any CPU
	EndGlobalSection
	GlobalSection(SolutionProperties) = preSolution
		HideSolutionNode = FALSE
	EndGlobalSection
	GlobalSection(ExtensibilityGlobals) = postSolution
		SolutionGuid = {682AC7CD-D23F-4B04-9DD8-D7129AD15175}
	EndGlobalSection
EndGlobal
